{
  "name": "telegram-badge",
  "version": "1.0.0",
  "lockfileVersion": 3,
  "requires": true,
  "packages": {
    "": {
      "name": "telegram-badge",
      "version": "1.0.0",
      "devDependencies": {
        "@types/node": "^24.0.15"
      }
    },
    "node_modules/@types/node": {
      "version": "24.0.15",
      "dev": true,
      "license": "MIT",
      "dependencies": {
        "undici-types": "~7.8.0"
      }
    },
    "node_modules/undici-types": {
      "version": "7.8.0",
      "dev": true,
      "license": "MIT"
    }
  }
}
